
Microsoft Visual Studio Solution File, Format Version 12.00
# Visual Studio Version 17
VisualStudioVersion = 17.4.33205.214
MinimumVisualStudioVersion = 10.0.40219.1
Project("{2150E333-8FDC-42A3-9474-1A3956D46DE8}") = "Docs", "Docs", "{CB9A8482-5981-467D-9BAF-D9A5D758BECE}"
	ProjectSection(SolutionItems) = preProject
		Windows\CLI\AddCLIToExplorer.reg = Windows\CLI\AddCLIToExplorer.reg
		aicapture.json = aicapture.json
		cli.js = cli.js
		docs\CreateSSoTmeDocs.xslt = docs\CreateSSoTmeDocs.xslt
		package.json = package.json
		README.md = README.md
	EndProjectSection
EndProject
Project("{2150E333-8FDC-42A3-9474-1A3956D46DE8}") = "Windows", "Windows", "{D6B2B68C-9C4F-41E9-859F-10A5EAA3938F}"
EndProject
Project("{9A19103F-16F7-4668-BE54-9A1E7A4F7556}") = "AICapture.OST.CLI", "Windows\CLI\AICapture.OST.CLI.csproj", "{BFB88518-5A64-406B-AAC4-B64D01161549}"
EndProject
Project("{9A19103F-16F7-4668-BE54-9A1E7A4F7556}") = "AICapture.OST.Lib", "Windows\Lib\AICapture.OST.Lib.csproj", "{1CFC5A6B-EFA3-4439-88E7-3D9B664E190D}"
EndProject
Project("{2150E333-8FDC-42A3-9474-1A3956D46DE8}") = "AWS", "AWS", "{387CFD1A-E81B-4D11-BB48-667D368E9A30}"
EndProject
Project("{9A19103F-16F7-4668-BE54-9A1E7A4F7556}") = "AWSLambda1", "AWS\AWSLambda1\AWSLambda1.csproj", "{DC460A8C-BB0C-40D9-80F2-9679E71B203B}"
EndProject
Global
	GlobalSection(SolutionConfigurationPlatforms) = preSolution
		Debug|Any CPU = Debug|Any CPU
		Release|Any CPU = Release|Any CPU
	EndGlobalSection
	GlobalSection(ProjectConfigurationPlatforms) = postSolution
		{BFB88518-5A64-406B-AAC4-B64D01161549}.Debug|Any CPU.ActiveCfg = Debug|Any CPU
		{BFB88518-5A64-406B-AAC4-B64D01161549}.Debug|Any CPU.Build.0 = Debug|Any CPU
		{BFB88518-5A64-406B-AAC4-B64D01161549}.Release|Any CPU.ActiveCfg = Release|Any CPU
		{BFB88518-5A64-406B-AAC4-B64D01161549}.Release|Any CPU.Build.0 = Release|Any CPU
		{1CFC5A6B-EFA3-4439-88E7-3D9B664E190D}.Debug|Any CPU.ActiveCfg = Debug|Any CPU
		{1CFC5A6B-EFA3-4439-88E7-3D9B664E190D}.Debug|Any CPU.Build.0 = Debug|Any CPU
		{1CFC5A6B-EFA3-4439-88E7-3D9B664E190D}.Release|Any CPU.ActiveCfg = Release|Any CPU
		{1CFC5A6B-EFA3-4439-88E7-3D9B664E190D}.Release|Any CPU.Build.0 = Release|Any CPU
		{DC460A8C-BB0C-40D9-80F2-9679E71B203B}.Debug|Any CPU.ActiveCfg = Debug|Any CPU
		{DC460A8C-BB0C-40D9-80F2-9679E71B203B}.Debug|Any CPU.Build.0 = Debug|Any CPU
		{DC460A8C-BB0C-40D9-80F2-9679E71B203B}.Release|Any CPU.ActiveCfg = Release|Any CPU
		{DC460A8C-BB0C-40D9-80F2-9679E71B203B}.Release|Any CPU.Build.0 = Release|Any CPU
	EndGlobalSection
	GlobalSection(SolutionProperties) = preSolution
		HideSolutionNode = FALSE
	EndGlobalSection
	GlobalSection(NestedProjects) = preSolution
		{BFB88518-5A64-406B-AAC4-B64D01161549} = {D6B2B68C-9C4F-41E9-859F-10A5EAA3938F}
		{DC460A8C-BB0C-40D9-80F2-9679E71B203B} = {387CFD1A-E81B-4D11-BB48-667D368E9A30}
	EndGlobalSection
	GlobalSection(ExtensibilityGlobals) = postSolution
		SolutionGuid = {85AFE0A5-60DA-4DFB-AF27-3CB06DBFE721}
	EndGlobalSection
EndGlobal
