{
  "name": "aicapture",
  "version": "2023.09.12",
  "lockfileVersion": 2,
  "requires": true,
  "packages": {
    "": {
      "name": "aicapture",
      "version": "2023.09.12",
      "hasInstallScript": true,
      "license": "GNU",
      "bin": {
        "aic": "cli.js",
        "aicapture": "cli.js",
        "ssotme": "cli.js"
      },
      "devDependencies": {}
    }
  }
}
