{
  "name": "aicapture",
  "version": "2023.03.04",
  "lockfileVersion": 2,
  "requires": true,
  "packages": {
    "": {
      "name": "aicapture",
      "version": "2023.03.04",
      "hasInstallScript": true,
      "license": "GNU",
      "bin": {
        "aicapture": "cli.js"
      },
      "devDependencies": {}
    }
  }
}
