
Microsoft Visual Studio Solution File, Format Version 12.00
# Visual Studio 15
VisualStudioVersion = 15.0.26730.16
MinimumVisualStudioVersion = 10.0.40219.1
Project("{2150E333-8FDC-42A3-9474-1A3956D46DE8}") = "Docs", "Docs", "{CB9A8482-5981-467D-9BAF-D9A5D758BECE}"
	ProjectSection(SolutionItems) = preProject
		Windows\CLI\AddCLIToExplorer.reg = Windows\CLI\AddCLIToExplorer.reg
		docs\CreateSSoTmeDocs.xslt = docs\CreateSSoTmeDocs.xslt
		README.md = README.md
		SSoTmeProject.json = SSoTmeProject.json
	EndProjectSection
EndProject
Project("{2150E333-8FDC-42A3-9474-1A3956D46DE8}") = "Windows", "Windows", "{D6B2B68C-9C4F-41E9-859F-10A5EAA3938F}"
EndProject
Project("{2150E333-8FDC-42A3-9474-1A3956D46DE8}") = "Python", "Python", "{FAD4C7E0-A867-46D2-A5F2-3B09D7DD0657}"
EndProject
Project("{FAE04EC0-301F-11D3-BF4B-00C04F79EFBC}") = "SSoTmeProject.WinApp", "..\SSoTmeOST\Windows\ProjectEditor\SSoTmeProjectWinApp\SSoTmeProject.WinApp.csproj", "{9B93757B-D06B-4670-92A6-C9AAC6C619BC}"
EndProject
Project("{9A19103F-16F7-4668-BE54-9A1E7A4F7556}") = "SSoTme.OST.Lib", "Windows\Lib\SSoTme.OST.Lib.csproj", "{4FFC008D-5039-401B-BF8B-403A0A9437E7}"
EndProject
Project("{9A19103F-16F7-4668-BE54-9A1E7A4F7556}") = "SSoTme.OST.CLI", "Windows\CLI\SSoTme.OST.CLI.csproj", "{BFB88518-5A64-406B-AAC4-B64D01161549}"
EndProject
Global
	GlobalSection(SolutionConfigurationPlatforms) = preSolution
		Debug|Any CPU = Debug|Any CPU
		Release|Any CPU = Release|Any CPU
	EndGlobalSection
	GlobalSection(ProjectConfigurationPlatforms) = postSolution
		{9B93757B-D06B-4670-92A6-C9AAC6C619BC}.Debug|Any CPU.ActiveCfg = Debug|Any CPU
		{9B93757B-D06B-4670-92A6-C9AAC6C619BC}.Debug|Any CPU.Build.0 = Debug|Any CPU
		{9B93757B-D06B-4670-92A6-C9AAC6C619BC}.Release|Any CPU.ActiveCfg = Release|Any CPU
		{9B93757B-D06B-4670-92A6-C9AAC6C619BC}.Release|Any CPU.Build.0 = Release|Any CPU
		{4FFC008D-5039-401B-BF8B-403A0A9437E7}.Debug|Any CPU.ActiveCfg = Debug|Any CPU
		{4FFC008D-5039-401B-BF8B-403A0A9437E7}.Debug|Any CPU.Build.0 = Debug|Any CPU
		{4FFC008D-5039-401B-BF8B-403A0A9437E7}.Release|Any CPU.ActiveCfg = Release|Any CPU
		{4FFC008D-5039-401B-BF8B-403A0A9437E7}.Release|Any CPU.Build.0 = Release|Any CPU
		{BFB88518-5A64-406B-AAC4-B64D01161549}.Debug|Any CPU.ActiveCfg = Debug|Any CPU
		{BFB88518-5A64-406B-AAC4-B64D01161549}.Debug|Any CPU.Build.0 = Debug|Any CPU
		{BFB88518-5A64-406B-AAC4-B64D01161549}.Release|Any CPU.ActiveCfg = Release|Any CPU
		{BFB88518-5A64-406B-AAC4-B64D01161549}.Release|Any CPU.Build.0 = Release|Any CPU
	EndGlobalSection
	GlobalSection(SolutionProperties) = preSolution
		HideSolutionNode = FALSE
	EndGlobalSection
	GlobalSection(NestedProjects) = preSolution
		{9B93757B-D06B-4670-92A6-C9AAC6C619BC} = {D6B2B68C-9C4F-41E9-859F-10A5EAA3938F}
		{4FFC008D-5039-401B-BF8B-403A0A9437E7} = {D6B2B68C-9C4F-41E9-859F-10A5EAA3938F}
		{BFB88518-5A64-406B-AAC4-B64D01161549} = {D6B2B68C-9C4F-41E9-859F-10A5EAA3938F}
	EndGlobalSection
	GlobalSection(ExtensibilityGlobals) = postSolution
		SolutionGuid = {85AFE0A5-60DA-4DFB-AF27-3CB06DBFE721}
	EndGlobalSection
EndGlobal
